// !$*UTF8*$!
{
	archiveVersion = 1;
	classes = {
	};
	objectVersion = 52;
	objects = {

/* Begin PBXBuildFile section */
		334BC7672728968700CC3779 /* User.swift in Sources */ = {isa = PBXBuildFile; fileRef = 334BC7662728968700CC3779 /* User.swift */; };
		334BC7692728993100CC3779 /* UserView.swift in Sources */ = {isa = PBXBuildFile; fileRef = 334BC7682728993100CC3779 /* UserView.swift */; };
		334BFBC02667DB8300F7952C /* TodosApp.swift in Sources */ = {isa = PBXBuildFile; fileRef = 334BFBBF2667DB8300F7952C /* TodosApp.swift */; };
		334BFBC22667DB8300F7952C /* TodoListState.swift in Sources */ = {isa = PBXBuildFile; fileRef = 334BFBC12667DB8300F7952C /* TodoListState.swift */; };
		334BFBC42667DB8500F7952C /* Assets.xcassets in Resources */ = {isa = PBXBuildFile; fileRef = 334BFBC32667DB8500F7952C /* Assets.xcassets */; };
		334BFBC72667DB8500F7952C /* Preview Assets.xcassets in Resources */ = {isa = PBXBuildFile; fileRef = 334BFBC62667DB8500F7952C /* Preview Assets.xcassets */; };
		334BFBD12667DBD300F7952C /* ComposableArchitecture in Frameworks */ = {isa = PBXBuildFile; productRef = 334BFBD02667DBD300F7952C /* ComposableArchitecture */; };
		334BFBD42667DC2300F7952C /* FirebaseAuth in Frameworks */ = {isa = PBXBuildFile; productRef = 334BFBD32667DC2300F7952C /* FirebaseAuth */; };
		334BFBD62667DC2300F7952C /* FirebaseFirestore in Frameworks */ = {isa = PBXBuildFile; productRef = 334BFBD52667DC2300F7952C /* FirebaseFirestore */; };
		334BFBD82667DC2300F7952C /* FirebaseFirestoreSwift-Beta in Frameworks */ = {isa = PBXBuildFile; productRef = 334BFBD72667DC2300F7952C /* FirebaseFirestoreSwift-Beta */; };
		334BFBDA2667DC4A00F7952C /* Firestore+Extensions.swift in Sources */ = {isa = PBXBuildFile; fileRef = 334BFBD92667DC4A00F7952C /* Firestore+Extensions.swift */; };
		334BFBDC2667DCD200F7952C /* Root.swift in Sources */ = {isa = PBXBuildFile; fileRef = 334BFBDB2667DCD200F7952C /* Root.swift */; };
		334BFBE02667DEAA00F7952C /* Authentication.swift in Sources */ = {isa = PBXBuildFile; fileRef = 334BFBDF2667DEAA00F7952C /* Authentication.swift */; };
		334BFBE72667DF0000F7952C /* RootView.swift in Sources */ = {isa = PBXBuildFile; fileRef = 334BFBE62667DF0000F7952C /* RootView.swift */; };
		334BFBEB2667DFCD00F7952C /* AuthenticationView.swift in Sources */ = {isa = PBXBuildFile; fileRef = 334BFBEA2667DFCD00F7952C /* AuthenticationView.swift */; };
		3352C1402728CBBB003E30AA /* AuthClient.swift in Sources */ = {isa = PBXBuildFile; fileRef = 3352C13F2728CBBB003E30AA /* AuthClient.swift */; };
		3364064F2667E2CC00545A25 /* GoogleService-Info.plist in Resources */ = {isa = PBXBuildFile; fileRef = 3364064E2667E2CC00545A25 /* GoogleService-Info.plist */; };
		336406512667E48A00545A25 /* Button+Extensions.swift in Sources */ = {isa = PBXBuildFile; fileRef = 336406502667E48A00545A25 /* Button+Extensions.swift */; };
		336406562667EE8900545A25 /* Todo.swift in Sources */ = {isa = PBXBuildFile; fileRef = 336406552667EE8900545A25 /* Todo.swift */; };
		336406592667F3C400545A25 /* TodoView.swift in Sources */ = {isa = PBXBuildFile; fileRef = 336406582667F3C400545A25 /* TodoView.swift */; };
		3364065B2667F3E600545A25 /* TodoListView.swift in Sources */ = {isa = PBXBuildFile; fileRef = 3364065A2667F3E600545A25 /* TodoListView.swift */; };
		33754B15266AAAE60040963D /* Firebase+Extensions.swift in Sources */ = {isa = PBXBuildFile; fileRef = 33754B14266AAAE60040963D /* Firebase+Extensions.swift */; };
		33A9C83A26691448008C2D6E /* Textfield+Extensions.swift in Sources */ = {isa = PBXBuildFile; fileRef = 33A9C83926691448008C2D6E /* Textfield+Extensions.swift */; };
		33A9C83C26691D31008C2D6E /* Color+Extensions.swift in Sources */ = {isa = PBXBuildFile; fileRef = 33A9C83B26691D31008C2D6E /* Color+Extensions.swift */; };
		33AD2EDE27286F5B003BFC3D /* SFSafeSymbols in Frameworks */ = {isa = PBXBuildFile; productRef = 33AD2EDD27286F5B003BFC3D /* SFSafeSymbols */; };
		33B1F0FF266A6D2B0095EA9D /* SignInWithAppleButton+Extensions.swift in Sources */ = {isa = PBXBuildFile; fileRef = 33B1F0FE266A6D2B0095EA9D /* SignInWithAppleButton+Extensions.swift */; };
		33E6A7F22728B1A100C7ABE8 /* TodoListClient.swift in Sources */ = {isa = PBXBuildFile; fileRef = 33E6A7F12728B1A100C7ABE8 /* TodoListClient.swift */; };
/* End PBXBuildFile section */

/* Begin PBXFileReference section */
		334BC7662728968700CC3779 /* User.swift */ = {isa = PBXFileReference; lastKnownFileType = sourcecode.swift; path = User.swift; sourceTree = "<group>"; };
		334BC7682728993100CC3779 /* UserView.swift */ = {isa = PBXFileReference; lastKnownFileType = sourcecode.swift; path = UserView.swift; sourceTree = "<group>"; };
		334BFBBC2667DB8300F7952C /* Todos.app */ = {isa = PBXFileReference; explicitFileType = wrapper.application; includeInIndex = 0; path = Todos.app; sourceTree = BUILT_PRODUCTS_DIR; };
		334BFBBF2667DB8300F7952C /* TodosApp.swift */ = {isa = PBXFileReference; lastKnownFileType = sourcecode.swift; path = TodosApp.swift; sourceTree = "<group>"; };
		334BFBC12667DB8300F7952C /* TodoListState.swift */ = {isa = PBXFileReference; lastKnownFileType = sourcecode.swift; path = TodoListState.swift; sourceTree = "<group>"; };
		334BFBC32667DB8500F7952C /* Assets.xcassets */ = {isa = PBXFileReference; lastKnownFileType = folder.assetcatalog; path = Assets.xcassets; sourceTree = "<group>"; };
		334BFBC62667DB8500F7952C /* Preview Assets.xcassets */ = {isa = PBXFileReference; lastKnownFileType = folder.assetcatalog; path = "Preview Assets.xcassets"; sourceTree = "<group>"; };
		334BFBC82667DB8500F7952C /* Info.plist */ = {isa = PBXFileReference; lastKnownFileType = text.plist.xml; path = Info.plist; sourceTree = "<group>"; };
		334BFBC92667DB8500F7952C /* Todos.entitlements */ = {isa = PBXFileReference; lastKnownFileType = text.plist.entitlements; path = Todos.entitlements; sourceTree = "<group>"; };
		334BFBD92667DC4A00F7952C /* Firestore+Extensions.swift */ = {isa = PBXFileReference; lastKnownFileType = sourcecode.swift; path = "Firestore+Extensions.swift"; sourceTree = "<group>"; };
		334BFBDB2667DCD200F7952C /* Root.swift */ = {isa = PBXFileReference; lastKnownFileType = sourcecode.swift; path = Root.swift; sourceTree = "<group>"; };
		334BFBDF2667DEAA00F7952C /* Authentication.swift */ = {isa = PBXFileReference; lastKnownFileType = sourcecode.swift; path = Authentication.swift; sourceTree = "<group>"; };
		334BFBE62667DF0000F7952C /* RootView.swift */ = {isa = PBXFileReference; lastKnownFileType = sourcecode.swift; path = RootView.swift; sourceTree = "<group>"; };
		334BFBEA2667DFCD00F7952C /* AuthenticationView.swift */ = {isa = PBXFileReference; lastKnownFileType = sourcecode.swift; path = AuthenticationView.swift; sourceTree = "<group>"; };
		3352C13F2728CBBB003E30AA /* AuthClient.swift */ = {isa = PBXFileReference; lastKnownFileType = sourcecode.swift; path = AuthClient.swift; sourceTree = "<group>"; };
		3364064E2667E2CC00545A25 /* GoogleService-Info.plist */ = {isa = PBXFileReference; fileEncoding = 4; lastKnownFileType = text.plist.xml; path = "GoogleService-Info.plist"; sourceTree = "<group>"; };
		336406502667E48A00545A25 /* Button+Extensions.swift */ = {isa = PBXFileReference; lastKnownFileType = sourcecode.swift; path = "Button+Extensions.swift"; sourceTree = "<group>"; };
		336406552667EE8900545A25 /* Todo.swift */ = {isa = PBXFileReference; lastKnownFileType = sourcecode.swift; path = Todo.swift; sourceTree = "<group>"; };
		336406582667F3C400545A25 /* TodoView.swift */ = {isa = PBXFileReference; lastKnownFileType = sourcecode.swift; path = TodoView.swift; sourceTree = "<group>"; };
		3364065A2667F3E600545A25 /* TodoListView.swift */ = {isa = PBXFileReference; lastKnownFileType = sourcecode.swift; path = TodoListView.swift; sourceTree = "<group>"; };
		33754B14266AAAE60040963D /* Firebase+Extensions.swift */ = {isa = PBXFileReference; lastKnownFileType = sourcecode.swift; path = "Firebase+Extensions.swift"; sourceTree = "<group>"; };
		33A9C83926691448008C2D6E /* Textfield+Extensions.swift */ = {isa = PBXFileReference; lastKnownFileType = sourcecode.swift; path = "Textfield+Extensions.swift"; sourceTree = "<group>"; };
		33A9C83B26691D31008C2D6E /* Color+Extensions.swift */ = {isa = PBXFileReference; lastKnownFileType = sourcecode.swift; path = "Color+Extensions.swift"; sourceTree = "<group>"; };
		33B1F0FE266A6D2B0095EA9D /* SignInWithAppleButton+Extensions.swift */ = {isa = PBXFileReference; lastKnownFileType = sourcecode.swift; path = "SignInWithAppleButton+Extensions.swift"; sourceTree = "<group>"; };
		33E6A7F12728B1A100C7ABE8 /* TodoListClient.swift */ = {isa = PBXFileReference; lastKnownFileType = sourcecode.swift; path = TodoListClient.swift; sourceTree = "<group>"; };
/* End PBXFileReference section */

/* Begin PBXFrameworksBuildPhase section */
		334BFBB92667DB8300F7952C /* Frameworks */ = {
			isa = PBXFrameworksBuildPhase;
			buildActionMask = 2147483647;
			files = (
				33AD2EDE27286F5B003BFC3D /* SFSafeSymbols in Frameworks */,
				334BFBD12667DBD300F7952C /* ComposableArchitecture in Frameworks */,
				334BFBD82667DC2300F7952C /* FirebaseFirestoreSwift-Beta in Frameworks */,
				334BFBD42667DC2300F7952C /* FirebaseAuth in Frameworks */,
				334BFBD62667DC2300F7952C /* FirebaseFirestore in Frameworks */,
			);
			runOnlyForDeploymentPostprocessing = 0;
		};
/* End PBXFrameworksBuildPhase section */

/* Begin PBXGroup section */
		334BC77427289D2400CC3779 /* User */ = {
			isa = PBXGroup;
			children = (
				334BC7662728968700CC3779 /* User.swift */,
				334BC7682728993100CC3779 /* UserView.swift */,
			);
			path = User;
			sourceTree = "<group>";
		};
		334BFBB32667DB8300F7952C = {
			isa = PBXGroup;
			children = (
				334BFBBE2667DB8300F7952C /* Todos */,
				334BFBBD2667DB8300F7952C /* Products */,
			);
			sourceTree = "<group>";
		};
		334BFBBD2667DB8300F7952C /* Products */ = {
			isa = PBXGroup;
			children = (
				334BFBBC2667DB8300F7952C /* Todos.app */,
			);
			name = Products;
			sourceTree = "<group>";
		};
		334BFBBE2667DB8300F7952C /* Todos */ = {
			isa = PBXGroup;
			children = (
				334BFBBF2667DB8300F7952C /* TodosApp.swift */,
				33E6A7F02728B19800C7ABE8 /* API */,
				334BFBE22667DEBF00F7952C /* TCA Feature */,
				334BFBE12667DEBB00F7952C /* Common */,
				334BFBC32667DB8500F7952C /* Assets.xcassets */,
				3364064E2667E2CC00545A25 /* GoogleService-Info.plist */,
				334BFBC82667DB8500F7952C /* Info.plist */,
				334BFBC92667DB8500F7952C /* Todos.entitlements */,
				334BFBC52667DB8500F7952C /* Preview Content */,
			);
			path = Todos;
			sourceTree = "<group>";
		};
		334BFBC52667DB8500F7952C /* Preview Content */ = {
			isa = PBXGroup;
			children = (
				334BFBC62667DB8500F7952C /* Preview Assets.xcassets */,
			);
			path = "Preview Content";
			sourceTree = "<group>";
		};
		334BFBE12667DEBB00F7952C /* Common */ = {
			isa = PBXGroup;
			children = (
				33A34E7D26681D51005EFC79 /* Extensions */,
			);
			path = Common;
			sourceTree = "<group>";
		};
		334BFBE22667DEBF00F7952C /* TCA Feature */ = {
			isa = PBXGroup;
			children = (
				334BFBE32667DEC500F7952C /* Root */,
				334BFBE52667DECF00F7952C /* Authentication */,
				334BC77427289D2400CC3779 /* User */,
				334BFBE42667DEC900F7952C /* TodosList */,
				336406572667F3BA00545A25 /* Todo */,
			);
			path = "TCA Feature";
			sourceTree = "<group>";
		};
		334BFBE32667DEC500F7952C /* Root */ = {
			isa = PBXGroup;
			children = (
				334BFBDB2667DCD200F7952C /* Root.swift */,
				334BFBE62667DF0000F7952C /* RootView.swift */,
			);
			path = Root;
			sourceTree = "<group>";
		};
		334BFBE42667DEC900F7952C /* TodosList */ = {
			isa = PBXGroup;
			children = (
				334BFBC12667DB8300F7952C /* TodoListState.swift */,
				3364065A2667F3E600545A25 /* TodoListView.swift */,
			);
			path = TodosList;
			sourceTree = "<group>";
		};
		334BFBE52667DECF00F7952C /* Authentication */ = {
			isa = PBXGroup;
			children = (
				334BFBDF2667DEAA00F7952C /* Authentication.swift */,
				334BFBEA2667DFCD00F7952C /* AuthenticationView.swift */,
			);
			path = Authentication;
			sourceTree = "<group>";
		};
		336406572667F3BA00545A25 /* Todo */ = {
			isa = PBXGroup;
			children = (
				336406552667EE8900545A25 /* Todo.swift */,
				336406582667F3C400545A25 /* TodoView.swift */,
			);
			path = Todo;
			sourceTree = "<group>";
		};
		33754B16266AAB310040963D /* Firebase */ = {
			isa = PBXGroup;
			children = (
				33754B14266AAAE60040963D /* Firebase+Extensions.swift */,
				334BFBD92667DC4A00F7952C /* Firestore+Extensions.swift */,
			);
			path = Firebase;
			sourceTree = "<group>";
		};
		33A34E7D26681D51005EFC79 /* Extensions */ = {
			isa = PBXGroup;
			children = (
				33B1F0FE266A6D2B0095EA9D /* SignInWithAppleButton+Extensions.swift */,
				336406502667E48A00545A25 /* Button+Extensions.swift */,
				33A9C83926691448008C2D6E /* Textfield+Extensions.swift */,
				33A9C83B26691D31008C2D6E /* Color+Extensions.swift */,
				33754B16266AAB310040963D /* Firebase */,
			);
			path = Extensions;
			sourceTree = "<group>";
		};
		33E6A7F02728B19800C7ABE8 /* API */ = {
			isa = PBXGroup;
			children = (
				33E6A7F12728B1A100C7ABE8 /* TodoListClient.swift */,
				3352C13F2728CBBB003E30AA /* AuthClient.swift */,
			);
			path = API;
			sourceTree = "<group>";
		};
/* End PBXGroup section */

/* Begin PBXNativeTarget section */
		334BFBBB2667DB8300F7952C /* Todos */ = {
			isa = PBXNativeTarget;
			buildConfigurationList = 334BFBCC2667DB8500F7952C /* Build configuration list for PBXNativeTarget "Todos" */;
			buildPhases = (
				334BFBB82667DB8300F7952C /* Sources */,
				334BFBB92667DB8300F7952C /* Frameworks */,
				334BFBBA2667DB8300F7952C /* Resources */,
			);
			buildRules = (
			);
			dependencies = (
			);
			name = Todos;
			packageProductDependencies = (
				334BFBD02667DBD300F7952C /* ComposableArchitecture */,
				334BFBD32667DC2300F7952C /* FirebaseAuth */,
				334BFBD52667DC2300F7952C /* FirebaseFirestore */,
				334BFBD72667DC2300F7952C /* FirebaseFirestoreSwift-Beta */,
				33AD2EDD27286F5B003BFC3D /* SFSafeSymbols */,
			);
			productName = Todos;
			productReference = 334BFBBC2667DB8300F7952C /* Todos.app */;
			productType = "com.apple.product-type.application";
		};
/* End PBXNativeTarget section */

/* Begin PBXProject section */
		334BFBB42667DB8300F7952C /* Project object */ = {
			isa = PBXProject;
			attributes = {
				LastSwiftUpdateCheck = 1250;
				LastUpgradeCheck = 1310;
				TargetAttributes = {
					334BFBBB2667DB8300F7952C = {
						CreatedOnToolsVersion = 12.5;
					};
				};
			};
			buildConfigurationList = 334BFBB72667DB8300F7952C /* Build configuration list for PBXProject "Todos" */;
			compatibilityVersion = "Xcode 9.3";
			developmentRegion = en;
			hasScannedForEncodings = 0;
			knownRegions = (
				en,
				Base,
			);
			mainGroup = 334BFBB32667DB8300F7952C;
			packageReferences = (
				334BFBCF2667DBD300F7952C /* XCRemoteSwiftPackageReference "swift-composable-architecture" */,
				334BFBD22667DC2300F7952C /* XCRemoteSwiftPackageReference "firebase-ios-sdk" */,
				33AD2EDC27286F5B003BFC3D /* XCRemoteSwiftPackageReference "SFSafeSymbols" */,
			);
			productRefGroup = 334BFBBD2667DB8300F7952C /* Products */;
			projectDirPath = "";
			projectRoot = "";
			targets = (
				334BFBBB2667DB8300F7952C /* Todos */,
			);
		};
/* End PBXProject section */

/* Begin PBXResourcesBuildPhase section */
		334BFBBA2667DB8300F7952C /* Resources */ = {
			isa = PBXResourcesBuildPhase;
			buildActionMask = 2147483647;
			files = (
				334BFBC72667DB8500F7952C /* Preview Assets.xcassets in Resources */,
				334BFBC42667DB8500F7952C /* Assets.xcassets in Resources */,
				3364064F2667E2CC00545A25 /* GoogleService-Info.plist in Resources */,
			);
			runOnlyForDeploymentPostprocessing = 0;
		};
/* End PBXResourcesBuildPhase section */

/* Begin PBXSourcesBuildPhase section */
		334BFBB82667DB8300F7952C /* Sources */ = {
			isa = PBXSourcesBuildPhase;
			buildActionMask = 2147483647;
			files = (
				334BFBE02667DEAA00F7952C /* Authentication.swift in Sources */,
				33A9C83A26691448008C2D6E /* Textfield+Extensions.swift in Sources */,
				334BFBEB2667DFCD00F7952C /* AuthenticationView.swift in Sources */,
				336406592667F3C400545A25 /* TodoView.swift in Sources */,
				3364065B2667F3E600545A25 /* TodoListView.swift in Sources */,
				336406512667E48A00545A25 /* Button+Extensions.swift in Sources */,
				334BFBDA2667DC4A00F7952C /* Firestore+Extensions.swift in Sources */,
				33E6A7F22728B1A100C7ABE8 /* TodoListClient.swift in Sources */,
				33B1F0FF266A6D2B0095EA9D /* SignInWithAppleButton+Extensions.swift in Sources */,
				33A9C83C26691D31008C2D6E /* Color+Extensions.swift in Sources */,
				33754B15266AAAE60040963D /* Firebase+Extensions.swift in Sources */,
				3352C1402728CBBB003E30AA /* AuthClient.swift in Sources */,
				334BC7672728968700CC3779 /* User.swift in Sources */,
				334BFBE72667DF0000F7952C /* RootView.swift in Sources */,
				334BFBDC2667DCD200F7952C /* Root.swift in Sources */,
				334BC7692728993100CC3779 /* UserView.swift in Sources */,
				334BFBC22667DB8300F7952C /* TodoListState.swift in Sources */,
				334BFBC02667DB8300F7952C /* TodosApp.swift in Sources */,
				336406562667EE8900545A25 /* Todo.swift in Sources */,
			);
			runOnlyForDeploymentPostprocessing = 0;
		};
/* End PBXSourcesBuildPhase section */

/* Begin XCBuildConfiguration section */
		334BFBCA2667DB8500F7952C /* Debug */ = {
			isa = XCBuildConfiguration;
			buildSettings = {
				ALWAYS_SEARCH_USER_PATHS = NO;
				CLANG_ANALYZER_NONNULL = YES;
				CLANG_ANALYZER_NUMBER_OBJECT_CONVERSION = YES_AGGRESSIVE;
				CLANG_CXX_LANGUAGE_STANDARD = "gnu++14";
				CLANG_CXX_LIBRARY = "libc++";
				CLANG_ENABLE_MODULES = YES;
				CLANG_ENABLE_OBJC_ARC = YES;
				CLANG_ENABLE_OBJC_WEAK = YES;
				CLANG_WARN_BLOCK_CAPTURE_AUTORELEASING = YES;
				CLANG_WARN_BOOL_CONVERSION = YES;
				CLANG_WARN_COMMA = YES;
				CLANG_WARN_CONSTANT_CONVERSION = YES;
				CLANG_WARN_DEPRECATED_OBJC_IMPLEMENTATIONS = YES;
				CLANG_WARN_DIRECT_OBJC_ISA_USAGE = YES_ERROR;
				CLANG_WARN_DOCUMENTATION_COMMENTS = YES;
				CLANG_WARN_EMPTY_BODY = YES;
				CLANG_WARN_ENUM_CONVERSION = YES;
				CLANG_WARN_INFINITE_RECURSION = YES;
				CLANG_WARN_INT_CONVERSION = YES;
				CLANG_WARN_NON_LITERAL_NULL_CONVERSION = YES;
				CLANG_WARN_OBJC_IMPLICIT_RETAIN_SELF = YES;
				CLANG_WARN_OBJC_LITERAL_CONVERSION = YES;
				CLANG_WARN_OBJC_ROOT_CLASS = YES_ERROR;
				CLANG_WARN_QUOTED_INCLUDE_IN_FRAMEWORK_HEADER = YES;
				CLANG_WARN_RANGE_LOOP_ANALYSIS = YES;
				CLANG_WARN_STRICT_PROTOTYPES = YES;
				CLANG_WARN_SUSPICIOUS_MOVE = YES;
				CLANG_WARN_UNGUARDED_AVAILABILITY = YES_AGGRESSIVE;
				CLANG_WARN_UNREACHABLE_CODE = YES;
				CLANG_WARN__DUPLICATE_METHOD_MATCH = YES;
				COPY_PHASE_STRIP = NO;
				DEBUG_INFORMATION_FORMAT = dwarf;
				ENABLE_STRICT_OBJC_MSGSEND = YES;
				ENABLE_TESTABILITY = YES;
				GCC_C_LANGUAGE_STANDARD = gnu11;
				GCC_DYNAMIC_NO_PIC = NO;
				GCC_NO_COMMON_BLOCKS = YES;
				GCC_OPTIMIZATION_LEVEL = 0;
				GCC_PREPROCESSOR_DEFINITIONS = (
					"DEBUG=1",
					"$(inherited)",
				);
				GCC_WARN_64_TO_32_BIT_CONVERSION = YES;
				GCC_WARN_ABOUT_RETURN_TYPE = YES_ERROR;
				GCC_WARN_UNDECLARED_SELECTOR = YES;
				GCC_WARN_UNINITIALIZED_AUTOS = YES_AGGRESSIVE;
				GCC_WARN_UNUSED_FUNCTION = YES;
				GCC_WARN_UNUSED_VARIABLE = YES;
				MACOSX_DEPLOYMENT_TARGET = 11.3;
				MTL_ENABLE_DEBUG_INFO = INCLUDE_SOURCE;
				MTL_FAST_MATH = YES;
				ONLY_ACTIVE_ARCH = YES;
				SDKROOT = macosx;
				SWIFT_ACTIVE_COMPILATION_CONDITIONS = DEBUG;
				SWIFT_OPTIMIZATION_LEVEL = "-Onone";
			};
			name = Debug;
		};
		334BFBCB2667DB8500F7952C /* Release */ = {
			isa = XCBuildConfiguration;
			buildSettings = {
				ALWAYS_SEARCH_USER_PATHS = NO;
				CLANG_ANALYZER_NONNULL = YES;
				CLANG_ANALYZER_NUMBER_OBJECT_CONVERSION = YES_AGGRESSIVE;
				CLANG_CXX_LANGUAGE_STANDARD = "gnu++14";
				CLANG_CXX_LIBRARY = "libc++";
				CLANG_ENABLE_MODULES = YES;
				CLANG_ENABLE_OBJC_ARC = YES;
				CLANG_ENABLE_OBJC_WEAK = YES;
				CLANG_WARN_BLOCK_CAPTURE_AUTORELEASING = YES;
				CLANG_WARN_BOOL_CONVERSION = YES;
				CLANG_WARN_COMMA = YES;
				CLANG_WARN_CONSTANT_CONVERSION = YES;
				CLANG_WARN_DEPRECATED_OBJC_IMPLEMENTATIONS = YES;
				CLANG_WARN_DIRECT_OBJC_ISA_USAGE = YES_ERROR;
				CLANG_WARN_DOCUMENTATION_COMMENTS = YES;
				CLANG_WARN_EMPTY_BODY = YES;
				CLANG_WARN_ENUM_CONVERSION = YES;
				CLANG_WARN_INFINITE_RECURSION = YES;
				CLANG_WARN_INT_CONVERSION = YES;
				CLANG_WARN_NON_LITERAL_NULL_CONVERSION = YES;
				CLANG_WARN_OBJC_IMPLICIT_RETAIN_SELF = YES;
				CLANG_WARN_OBJC_LITERAL_CONVERSION = YES;
				CLANG_WARN_OBJC_ROOT_CLASS = YES_ERROR;
				CLANG_WARN_QUOTED_INCLUDE_IN_FRAMEWORK_HEADER = YES;
				CLANG_WARN_RANGE_LOOP_ANALYSIS = YES;
				CLANG_WARN_STRICT_PROTOTYPES = YES;
				CLANG_WARN_SUSPICIOUS_MOVE = YES;
				CLANG_WARN_UNGUARDED_AVAILABILITY = YES_AGGRESSIVE;
				CLANG_WARN_UNREACHABLE_CODE = YES;
				CLANG_WARN__DUPLICATE_METHOD_MATCH = YES;
				COPY_PHASE_STRIP = NO;
				DEBUG_INFORMATION_FORMAT = "dwarf-with-dsym";
				ENABLE_NS_ASSERTIONS = NO;
				ENABLE_STRICT_OBJC_MSGSEND = YES;
				GCC_C_LANGUAGE_STANDARD = gnu11;
				GCC_NO_COMMON_BLOCKS = YES;
				GCC_WARN_64_TO_32_BIT_CONVERSION = YES;
				GCC_WARN_ABOUT_RETURN_TYPE = YES_ERROR;
				GCC_WARN_UNDECLARED_SELECTOR = YES;
				GCC_WARN_UNINITIALIZED_AUTOS = YES_AGGRESSIVE;
				GCC_WARN_UNUSED_FUNCTION = YES;
				GCC_WARN_UNUSED_VARIABLE = YES;
				MACOSX_DEPLOYMENT_TARGET = 11.3;
				MTL_ENABLE_DEBUG_INFO = NO;
				MTL_FAST_MATH = YES;
				SDKROOT = macosx;
				SWIFT_COMPILATION_MODE = wholemodule;
				SWIFT_OPTIMIZATION_LEVEL = "-O";
			};
			name = Release;
		};
		334BFBCD2667DB8500F7952C /* Debug */ = {
			isa = XCBuildConfiguration;
			buildSettings = {
				ASSETCATALOG_COMPILER_APPICON_NAME = AppIcon;
				ASSETCATALOG_COMPILER_GLOBAL_ACCENT_COLOR_NAME = AccentColor;
				CODE_SIGN_ENTITLEMENTS = Todos/Todos.entitlements;
				CODE_SIGN_IDENTITY = "Apple Development";
				CODE_SIGN_STYLE = Automatic;
				COMBINE_HIDPI_IMAGES = YES;
				DEVELOPMENT_ASSET_PATHS = "\"Todos/Preview Content\"";
				DEVELOPMENT_TEAM = ME637H7ZM9;
				ENABLE_HARDENED_RUNTIME = YES;
				ENABLE_PREVIEWS = YES;
				INFOPLIST_FILE = Todos/Info.plist;
				LD_RUNPATH_SEARCH_PATHS = (
					"$(inherited)",
					"@executable_path/../Frameworks",
				);
				MACOSX_DEPLOYMENT_TARGET = 11.0;
				PRODUCT_BUNDLE_IDENTIFIER = com.kswift.Todos;
				PRODUCT_NAME = "$(TARGET_NAME)";
				SWIFT_VERSION = 5.0;
			};
			name = Debug;
		};
		334BFBCE2667DB8500F7952C /* Release */ = {
			isa = XCBuildConfiguration;
			buildSettings = {
				ASSETCATALOG_COMPILER_APPICON_NAME = AppIcon;
				ASSETCATALOG_COMPILER_GLOBAL_ACCENT_COLOR_NAME = AccentColor;
				CODE_SIGN_ENTITLEMENTS = Todos/Todos.entitlements;
				CODE_SIGN_IDENTITY = "Apple Development";
				CODE_SIGN_STYLE = Automatic;
				COMBINE_HIDPI_IMAGES = YES;
				DEVELOPMENT_ASSET_PATHS = "\"Todos/Preview Content\"";
				DEVELOPMENT_TEAM = ME637H7ZM9;
				ENABLE_HARDENED_RUNTIME = YES;
				ENABLE_PREVIEWS = YES;
				INFOPLIST_FILE = Todos/Info.plist;
				LD_RUNPATH_SEARCH_PATHS = (
					"$(inherited)",
					"@executable_path/../Frameworks",
				);
				MACOSX_DEPLOYMENT_TARGET = 11.0;
				PRODUCT_BUNDLE_IDENTIFIER = com.kswift.Todos;
				PRODUCT_NAME = "$(TARGET_NAME)";
				SWIFT_VERSION = 5.0;
			};
			name = Release;
		};
/* End XCBuildConfiguration section */

/* Begin XCConfigurationList section */
		334BFBB72667DB8300F7952C /* Build configuration list for PBXProject "Todos" */ = {
			isa = XCConfigurationList;
			buildConfigurations = (
				334BFBCA2667DB8500F7952C /* Debug */,
				334BFBCB2667DB8500F7952C /* Release */,
			);
			defaultConfigurationIsVisible = 0;
			defaultConfigurationName = Release;
		};
		334BFBCC2667DB8500F7952C /* Build configuration list for PBXNativeTarget "Todos" */ = {
			isa = XCConfigurationList;
			buildConfigurations = (
				334BFBCD2667DB8500F7952C /* Debug */,
				334BFBCE2667DB8500F7952C /* Release */,
			);
			defaultConfigurationIsVisible = 0;
			defaultConfigurationName = Release;
		};
/* End XCConfigurationList section */

/* Begin XCRemoteSwiftPackageReference section */
		334BFBCF2667DBD300F7952C /* XCRemoteSwiftPackageReference "swift-composable-architecture" */ = {
			isa = XCRemoteSwiftPackageReference;
			repositoryURL = "https://github.com/pointfreeco/swift-composable-architecture.git";
			requirement = {
				kind = upToNextMajorVersion;
				minimumVersion = 0.18.0;
			};
		};
		334BFBD22667DC2300F7952C /* XCRemoteSwiftPackageReference "firebase-ios-sdk" */ = {
			isa = XCRemoteSwiftPackageReference;
			repositoryURL = "https://github.com/firebase/firebase-ios-sdk";
			requirement = {
				kind = upToNextMajorVersion;
				minimumVersion = 8.1.0;
			};
		};
		33AD2EDC27286F5B003BFC3D /* XCRemoteSwiftPackageReference "SFSafeSymbols" */ = {
			isa = XCRemoteSwiftPackageReference;
			repositoryURL = "https://github.com/piknotech/SFSafeSymbols";
			requirement = {
				kind = upToNextMajorVersion;
				minimumVersion = 2.0.0;
			};
		};
/* End XCRemoteSwiftPackageReference section */

/* Begin XCSwiftPackageProductDependency section */
		334BFBD02667DBD300F7952C /* ComposableArchitecture */ = {
			isa = XCSwiftPackageProductDependency;
			package = 334BFBCF2667DBD300F7952C /* XCRemoteSwiftPackageReference "swift-composable-architecture" */;
			productName = ComposableArchitecture;
		};
		334BFBD32667DC2300F7952C /* FirebaseAuth */ = {
			isa = XCSwiftPackageProductDependency;
			package = 334BFBD22667DC2300F7952C /* XCRemoteSwiftPackageReference "firebase-ios-sdk" */;
			productName = FirebaseAuth;
		};
		334BFBD52667DC2300F7952C /* FirebaseFirestore */ = {
			isa = XCSwiftPackageProductDependency;
			package = 334BFBD22667DC2300F7952C /* XCRemoteSwiftPackageReference "firebase-ios-sdk" */;
			productName = FirebaseFirestore;
		};
		334BFBD72667DC2300F7952C /* FirebaseFirestoreSwift-Beta */ = {
			isa = XCSwiftPackageProductDependency;
			package = 334BFBD22667DC2300F7952C /* XCRemoteSwiftPackageReference "firebase-ios-sdk" */;
			productName = "FirebaseFirestoreSwift-Beta";
		};
		33AD2EDD27286F5B003BFC3D /* SFSafeSymbols */ = {
			isa = XCSwiftPackageProductDependency;
			package = 33AD2EDC27286F5B003BFC3D /* XCRemoteSwiftPackageReference "SFSafeSymbols" */;
			productName = SFSafeSymbols;
		};
/* End XCSwiftPackageProductDependency section */
	};
	rootObject = 334BFBB42667DB8300F7952C /* Project object */;
}
